
Microsoft Visual Studio Solution File, Format Version 12.00
# Visual Studio Version 16
VisualStudioVersion = 16.0.29920.165
MinimumVisualStudioVersion = 10.0.40219.1
Project("{888888A0-9F3D-457C-B088-3A5042F75D52}") = "python", "python.pyproj", "{08CEA2AD-0154-4022-9A5F-47A83BBB2BE6}"
EndProject
Global
	GlobalSection(SolutionConfigurationPlatforms) = preSolution
		Debug|Any CPU = Debug|Any CPU
		Release|Any CPU = Release|Any CPU
	EndGlobalSection
	GlobalSection(ProjectConfigurationPlatforms) = postSolution
		{08CEA2AD-0154-4022-9A5F-47A83BBB2BE6}.Debug|Any CPU.ActiveCfg = Debug|Any CPU
		{08CEA2AD-0154-4022-9A5F-47A83BBB2BE6}.Release|Any CPU.ActiveCfg = Release|Any CPU
	EndGlobalSection
	GlobalSection(SolutionProperties) = preSolution
		HideSolutionNode = FALSE
	EndGlobalSection
	GlobalSection(ExtensibilityGlobals) = postSolution
		SolutionGuid = {CA60DC26-3B50-408C-A710-3D6F48911434}
	EndGlobalSection
EndGlobal
